// !$*UTF8*$!
{
	archiveVersion = 1;
	classes = {
	};
	objectVersion = 46;
	objects = {

/* Begin PBXBuildFile section */
		33B2D01C18EB694400AE5543 /* rack.png in Resources */ = {isa = PBXBuildFile; fileRef = 33B2D01B18EB694400AE5543 /* rack.png */; };
		4810EA7E18EE7F7E00CC6DA2 /* CHCSVParser.m in Sources */ = {isa = PBXBuildFile; fileRef = 4810EA7D18EE7F7E00CC6DA2 /* CHCSVParser.m */; };
		4810EA8018EEBE4C00CC6DA2 /* MessageUI.framework in Frameworks */ = {isa = PBXBuildFile; fileRef = 4810EA7F18EEBE4C00CC6DA2 /* MessageUI.framework */; };
		48241DA818EFDF0E00FB803A /* GenotypeLabels.m in Sources */ = {isa = PBXBuildFile; fileRef = 48241DA718EFDF0E00FB803A /* GenotypeLabels.m */; };
		48350E4518F1286100031DE2 /* Storyboard.storyboard in Resources */ = {isa = PBXBuildFile; fileRef = 48350E4418F1286100031DE2 /* Storyboard.storyboard */; };
		483FF1E518E23DF300EF8AFE /* ViewController.m in Sources */ = {isa = PBXBuildFile; fileRef = 483FF1E418E23DF300EF8AFE /* ViewController.m */; };
		4883406118E2256500682F5A /* Foundation.framework in Frameworks */ = {isa = PBXBuildFile; fileRef = 4883406018E2256500682F5A /* Foundation.framework */; };
		4883406318E2256500682F5A /* CoreGraphics.framework in Frameworks */ = {isa = PBXBuildFile; fileRef = 4883406218E2256500682F5A /* CoreGraphics.framework */; };
		4883406518E2256500682F5A /* UIKit.framework in Frameworks */ = {isa = PBXBuildFile; fileRef = 4883406418E2256500682F5A /* UIKit.framework */; };
		4883406718E2256500682F5A /* CoreData.framework in Frameworks */ = {isa = PBXBuildFile; fileRef = 4883406618E2256500682F5A /* CoreData.framework */; };
		4883406D18E2256500682F5A /* InfoPlist.strings in Resources */ = {isa = PBXBuildFile; fileRef = 4883406B18E2256500682F5A /* InfoPlist.strings */; };
		4883406F18E2256500682F5A /* main.m in Sources */ = {isa = PBXBuildFile; fileRef = 4883406E18E2256500682F5A /* main.m */; };
		4883407318E2256500682F5A /* AppDelegate.m in Sources */ = {isa = PBXBuildFile; fileRef = 4883407218E2256500682F5A /* AppDelegate.m */; };
		4883407818E2256500682F5A /* Images.xcassets in Resources */ = {isa = PBXBuildFile; fileRef = 4883407718E2256500682F5A /* Images.xcassets */; };
		4883407F18E2256600682F5A /* XCTest.framework in Frameworks */ = {isa = PBXBuildFile; fileRef = 4883407E18E2256600682F5A /* XCTest.framework */; };
		4883408018E2256600682F5A /* Foundation.framework in Frameworks */ = {isa = PBXBuildFile; fileRef = 4883406018E2256500682F5A /* Foundation.framework */; };
		4883408118E2256600682F5A /* UIKit.framework in Frameworks */ = {isa = PBXBuildFile; fileRef = 4883406418E2256500682F5A /* UIKit.framework */; };
		4883408218E2256600682F5A /* CoreData.framework in Frameworks */ = {isa = PBXBuildFile; fileRef = 4883406618E2256500682F5A /* CoreData.framework */; };
		4883408A18E2256600682F5A /* InfoPlist.strings in Resources */ = {isa = PBXBuildFile; fileRef = 4883408818E2256600682F5A /* InfoPlist.strings */; };
		4883408C18E2256600682F5A /* MousevilleTests.m in Sources */ = {isa = PBXBuildFile; fileRef = 4883408B18E2256600682F5A /* MousevilleTests.m */; };
		488340BC18E226AA00682F5A /* UserDetails.m in Sources */ = {isa = PBXBuildFile; fileRef = 488340BA18E226AA00682F5A /* UserDetails.m */; };
		4883413018E2271C00682F5A /* CageDetails.m in Sources */ = {isa = PBXBuildFile; fileRef = 4883411D18E2271C00682F5A /* CageDetails.m */; };
		4883413218E2271C00682F5A /* LabelCageMapping.m in Sources */ = {isa = PBXBuildFile; fileRef = 4883412118E2271C00682F5A /* LabelCageMapping.m */; };
		4883413418E2271C00682F5A /* MouseCageDetails.m in Sources */ = {isa = PBXBuildFile; fileRef = 4883412518E2271C00682F5A /* MouseCageDetails.m */; };
		4883413518E2271C00682F5A /* MouseCageDetailsOld.m in Sources */ = {isa = PBXBuildFile; fileRef = 4883412718E2271C00682F5A /* MouseCageDetailsOld.m */; };
		4883413918E2271C00682F5A /* MouseGenotype.m in Sources */ = {isa = PBXBuildFile; fileRef = 4883412F18E2271C00682F5A /* MouseGenotype.m */; };
		4883414118E22A8600682F5A /* Cage.m in Sources */ = {isa = PBXBuildFile; fileRef = 4883414018E22A8600682F5A /* Cage.m */; };
		4883414418E22AAD00682F5A /* Rack.m in Sources */ = {isa = PBXBuildFile; fileRef = 4883414318E22AAD00682F5A /* Rack.m */; };
		4883414718E22ACF00682F5A /* Mouse.m in Sources */ = {isa = PBXBuildFile; fileRef = 4883414618E22ACF00682F5A /* Mouse.m */; };
		489772ED18F124E500D85220 /* RackDetails.m in Sources */ = {isa = PBXBuildFile; fileRef = 489772EC18F124E500D85220 /* RackDetails.m */; };
		489772F018F124E600D85220 /* Genotype.m in Sources */ = {isa = PBXBuildFile; fileRef = 489772EF18F124E600D85220 /* Genotype.m */; };
		489772F318F124E600D85220 /* Labels.m in Sources */ = {isa = PBXBuildFile; fileRef = 489772F218F124E600D85220 /* Labels.m */; };
		48EB8AFC18F24A500077D4AA /* GenotypeManager.m in Sources */ = {isa = PBXBuildFile; fileRef = 48EB8AFB18F24A500077D4AA /* GenotypeManager.m */; };
		8490408D18EAF43500694343 /* MouseListViewController.m in Sources */ = {isa = PBXBuildFile; fileRef = 8490408C18EAF43500694343 /* MouseListViewController.m */; };
		8493795418E739F9000FFEC9 /* CageViewController.m in Sources */ = {isa = PBXBuildFile; fileRef = 8493795318E739F9000FFEC9 /* CageViewController.m */; };
		9927C23118E7ED7E00CEC051 /* PopOverViewController.m in Sources */ = {isa = PBXBuildFile; fileRef = 9927C23018E7ED7E00CEC051 /* PopOverViewController.m */; };
		9927C23C18E7ED9D00CEC051 /* SearchMouseViewController.m in Sources */ = {isa = PBXBuildFile; fileRef = 9927C23318E7ED9D00CEC051 /* SearchMouseViewController.m */; };
		9927C23D18E7ED9D00CEC051 /* CreateMouseViewController.m in Sources */ = {isa = PBXBuildFile; fileRef = 9927C23518E7ED9D00CEC051 /* CreateMouseViewController.m */; };
		9927C23E18E7ED9D00CEC051 /* MouseViewController.m in Sources */ = {isa = PBXBuildFile; fileRef = 9927C23718E7ED9D00CEC051 /* MouseViewController.m */; };
		9927C23F18E7ED9D00CEC051 /* RackController.m in Sources */ = {isa = PBXBuildFile; fileRef = 9927C23918E7ED9D00CEC051 /* RackController.m */; };
		9927C24018E7ED9D00CEC051 /* MainViewController.m in Sources */ = {isa = PBXBuildFile; fileRef = 9927C23B18E7ED9D00CEC051 /* MainViewController.m */; };
		992DFC0B18EFD3FD00AF8BD7 /* EditMouseViewController.m in Sources */ = {isa = PBXBuildFile; fileRef = 992DFC0A18EFD3FD00AF8BD7 /* EditMouseViewController.m */; };
		997C69E918EE9D85006F813D /* ManageGenotypesViewController.m in Sources */ = {isa = PBXBuildFile; fileRef = 997C69E818EE9D85006F813D /* ManageGenotypesViewController.m */; };
		99CF1E3B18E96414003B47B3 /* DatePickerViewController.m in Sources */ = {isa = PBXBuildFile; fileRef = 99CF1E3A18E96414003B47B3 /* DatePickerViewController.m */; };
		99F7B42018F9ACAC005B986F /* calendar-32.png in Resources */ = {isa = PBXBuildFile; fileRef = 99F7B41018F9ACAC005B986F /* calendar-32.png */; };
		99F7B42118F9ACAC005B986F /* calendar.png in Resources */ = {isa = PBXBuildFile; fileRef = 99F7B41118F9ACAC005B986F /* calendar.png */; };
		99F7B42218F9ACAC005B986F /* check-32.png in Resources */ = {isa = PBXBuildFile; fileRef = 99F7B41218F9ACAC005B986F /* check-32.png */; };
		99F7B42318F9ACAC005B986F /* check.png in Resources */ = {isa = PBXBuildFile; fileRef = 99F7B41318F9ACAC005B986F /* check.png */; };
		99F7B42418F9ACAC005B986F /* edit_icon-32.png in Resources */ = {isa = PBXBuildFile; fileRef = 99F7B41418F9ACAC005B986F /* edit_icon-32.png */; };
		99F7B42518F9ACAC005B986F /* edit_icon-48.png in Resources */ = {isa = PBXBuildFile; fileRef = 99F7B41518F9ACAC005B986F /* edit_icon-48.png */; };
		99F7B42618F9ACAC005B986F /* edit_icon-512.png in Resources */ = {isa = PBXBuildFile; fileRef = 99F7B41618F9ACAC005B986F /* edit_icon-512.png */; };
		99F7B42718F9ACAC005B986F /* home-32.png in Resources */ = {isa = PBXBuildFile; fileRef = 99F7B41718F9ACAC005B986F /* home-32.png */; };
		99F7B42818F9ACAC005B986F /* home.png in Resources */ = {isa = PBXBuildFile; fileRef = 99F7B41818F9ACAC005B986F /* home.png */; };
		99F7B42918F9ACAC005B986F /* mouseville_icon-32.png in Resources */ = {isa = PBXBuildFile; fileRef = 99F7B41918F9ACAC005B986F /* mouseville_icon-32.png */; };
		99F7B42A18F9ACAC005B986F /* mouseville_icon-152.png in Resources */ = {isa = PBXBuildFile; fileRef = 99F7B41A18F9ACAC005B986F /* mouseville_icon-152.png */; };
		99F7B42B18F9ACAC005B986F /* mouseville_icon-272.png in Resources */ = {isa = PBXBuildFile; fileRef = 99F7B41B18F9ACAC005B986F /* mouseville_icon-272.png */; };
		99F7B42C18F9ACAC005B986F /* move_icon-32.png in Resources */ = {isa = PBXBuildFile; fileRef = 99F7B41C18F9ACAC005B986F /* move_icon-32.png */; };
		99F7B42D18F9ACAC005B986F /* move_icon-432.png in Resources */ = {isa = PBXBuildFile; fileRef = 99F7B41D18F9ACAC005B986F /* move_icon-432.png */; };
		99F7B42E18F9ACAC005B986F /* settings-32.png in Resources */ = {isa = PBXBuildFile; fileRef = 99F7B41E18F9ACAC005B986F /* settings-32.png */; };
		99F7B42F18F9ACAC005B986F /* settings.png in Resources */ = {isa = PBXBuildFile; fileRef = 99F7B41F18F9ACAC005B986F /* settings.png */; };
		99F7B43518F9B217005B986F /* calendar1.png in Resources */ = {isa = PBXBuildFile; fileRef = 99F7B43018F9B217005B986F /* calendar1.png */; };
		99F7B43618F9B217005B986F /* calendar2.png in Resources */ = {isa = PBXBuildFile; fileRef = 99F7B43118F9B217005B986F /* calendar2.png */; };
		99F7B43718F9B217005B986F /* datePicekr.png in Resources */ = {isa = PBXBuildFile; fileRef = 99F7B43218F9B217005B986F /* datePicekr.png */; };
		99F7B43818F9B217005B986F /* dropdown.png in Resources */ = {isa = PBXBuildFile; fileRef = 99F7B43318F9B217005B986F /* dropdown.png */; };
		99F7B43918F9B217005B986F /* dropdown1.gif in Resources */ = {isa = PBXBuildFile; fileRef = 99F7B43418F9B217005B986F /* dropdown1.gif */; };
		99F7B43C18F9F0F8005B986F /* search-icon.png in Resources */ = {isa = PBXBuildFile; fileRef = 99F7B43A18F9F0F7005B986F /* search-icon.png */; };
		99F7B43D18F9F0F8005B986F /* search.png in Resources */ = {isa = PBXBuildFile; fileRef = 99F7B43B18F9F0F8005B986F /* search.png */; };
		BD6E6AC618EC9D5000B539E8 /* ViewRacksController.m in Sources */ = {isa = PBXBuildFile; fileRef = BD6E6AC518EC9D5000B539E8 /* ViewRacksController.m */; };
		BDED13ED18F9182B0004EE7A /* SettingsController.m in Sources */ = {isa = PBXBuildFile; fileRef = BDED13EC18F9182B0004EE7A /* SettingsController.m */; };
		E5DEA54F18EB6877000E3B82 /* MouseDetails.m in Sources */ = {isa = PBXBuildFile; fileRef = E5DEA54C18EB6877000E3B82 /* MouseDetails.m */; };
		E5DEA55018EB6877000E3B82 /* MouseFamilyDetails.m in Sources */ = {isa = PBXBuildFile; fileRef = E5DEA54E18EB6877000E3B82 /* MouseFamilyDetails.m */; };
		E5DEA55318EB68D6000E3B82 /* MouseVilleModel.xcdatamodeld in Sources */ = {isa = PBXBuildFile; fileRef = E5DEA55118EB68D6000E3B82 /* MouseVilleModel.xcdatamodeld */; };
		E5DEA55618EB6914000E3B82 /* MouseDeceasedDetails.m in Sources */ = {isa = PBXBuildFile; fileRef = E5DEA55518EB6914000E3B82 /* MouseDeceasedDetails.m */; };
/* End PBXBuildFile section */

/* Begin PBXContainerItemProxy section */
		4883408318E2256600682F5A /* PBXContainerItemProxy */ = {
			isa = PBXContainerItemProxy;
			containerPortal = 4883405518E2256500682F5A /* Project object */;
			proxyType = 1;
			remoteGlobalIDString = 4883405C18E2256500682F5A;
			remoteInfo = Mouseville;
		};
/* End PBXContainerItemProxy section */

/* Begin PBXFileReference section */
		33B2D01B18EB694400AE5543 /* rack.png */ = {isa = PBXFileReference; lastKnownFileType = image.png; path = rack.png; sourceTree = "<group>"; };
		4810EA7C18EE7F7E00CC6DA2 /* CHCSVParser.h */ = {isa = PBXFileReference; fileEncoding = 4; lastKnownFileType = sourcecode.c.h; path = CHCSVParser.h; sourceTree = "<group>"; };
		4810EA7D18EE7F7E00CC6DA2 /* CHCSVParser.m */ = {isa = PBXFileReference; fileEncoding = 4; lastKnownFileType = sourcecode.c.objc; path = CHCSVParser.m; sourceTree = "<group>"; };
		4810EA7F18EEBE4C00CC6DA2 /* MessageUI.framework */ = {isa = PBXFileReference; lastKnownFileType = wrapper.framework; name = MessageUI.framework; path = System/Library/Frameworks/MessageUI.framework; sourceTree = SDKROOT; };
		48241DA618EFDF0E00FB803A /* GenotypeLabels.h */ = {isa = PBXFileReference; fileEncoding = 4; lastKnownFileType = sourcecode.c.h; path = GenotypeLabels.h; sourceTree = "<group>"; };
		48241DA718EFDF0E00FB803A /* GenotypeLabels.m */ = {isa = PBXFileReference; fileEncoding = 4; lastKnownFileType = sourcecode.c.objc; path = GenotypeLabels.m; sourceTree = "<group>"; };
		48350E4418F1286100031DE2 /* Storyboard.storyboard */ = {isa = PBXFileReference; fileEncoding = 4; lastKnownFileType = file.storyboard; name = Storyboard.storyboard; path = Mouseville/Storyboard.storyboard; sourceTree = "<group>"; };
		483FF1E318E23DF300EF8AFE /* ViewController.h */ = {isa = PBXFileReference; fileEncoding = 4; lastKnownFileType = sourcecode.c.h; path = ViewController.h; sourceTree = "<group>"; };
		483FF1E418E23DF300EF8AFE /* ViewController.m */ = {isa = PBXFileReference; fileEncoding = 4; lastKnownFileType = sourcecode.c.objc; path = ViewController.m; sourceTree = "<group>"; };
		4883405D18E2256500682F5A /* Mouseville.app */ = {isa = PBXFileReference; explicitFileType = wrapper.application; includeInIndex = 0; path = Mouseville.app; sourceTree = BUILT_PRODUCTS_DIR; };
		4883406018E2256500682F5A /* Foundation.framework */ = {isa = PBXFileReference; lastKnownFileType = wrapper.framework; name = Foundation.framework; path = System/Library/Frameworks/Foundation.framework; sourceTree = SDKROOT; };
		4883406218E2256500682F5A /* CoreGraphics.framework */ = {isa = PBXFileReference; lastKnownFileType = wrapper.framework; name = CoreGraphics.framework; path = System/Library/Frameworks/CoreGraphics.framework; sourceTree = SDKROOT; };
		4883406418E2256500682F5A /* UIKit.framework */ = {isa = PBXFileReference; lastKnownFileType = wrapper.framework; name = UIKit.framework; path = System/Library/Frameworks/UIKit.framework; sourceTree = SDKROOT; };
		4883406618E2256500682F5A /* CoreData.framework */ = {isa = PBXFileReference; lastKnownFileType = wrapper.framework; name = CoreData.framework; path = System/Library/Frameworks/CoreData.framework; sourceTree = SDKROOT; };
		4883406A18E2256500682F5A /* Mouseville-Info.plist */ = {isa = PBXFileReference; lastKnownFileType = text.plist.xml; path = "Mouseville-Info.plist"; sourceTree = "<group>"; };
		4883406C18E2256500682F5A /* en */ = {isa = PBXFileReference; lastKnownFileType = text.plist.strings; name = en; path = en.lproj/InfoPlist.strings; sourceTree = "<group>"; };
		4883406E18E2256500682F5A /* main.m */ = {isa = PBXFileReference; lastKnownFileType = sourcecode.c.objc; path = main.m; sourceTree = "<group>"; };
		4883407018E2256500682F5A /* Mouseville-Prefix.pch */ = {isa = PBXFileReference; lastKnownFileType = sourcecode.c.h; path = "Mouseville-Prefix.pch"; sourceTree = "<group>"; };
		4883407118E2256500682F5A /* AppDelegate.h */ = {isa = PBXFileReference; lastKnownFileType = sourcecode.c.h; path = AppDelegate.h; sourceTree = "<group>"; };
		4883407218E2256500682F5A /* AppDelegate.m */ = {isa = PBXFileReference; lastKnownFileType = sourcecode.c.objc; path = AppDelegate.m; sourceTree = "<group>"; };
		4883407718E2256500682F5A /* Images.xcassets */ = {isa = PBXFileReference; lastKnownFileType = folder.assetcatalog; path = Images.xcassets; sourceTree = "<group>"; };
		4883407D18E2256600682F5A /* MousevilleTests.xctest */ = {isa = PBXFileReference; explicitFileType = wrapper.cfbundle; includeInIndex = 0; path = MousevilleTests.xctest; sourceTree = BUILT_PRODUCTS_DIR; };
		4883407E18E2256600682F5A /* XCTest.framework */ = {isa = PBXFileReference; lastKnownFileType = wrapper.framework; name = XCTest.framework; path = Library/Frameworks/XCTest.framework; sourceTree = DEVELOPER_DIR; };
		4883408718E2256600682F5A /* MousevilleTests-Info.plist */ = {isa = PBXFileReference; lastKnownFileType = text.plist.xml; path = "MousevilleTests-Info.plist"; sourceTree = "<group>"; };
		4883408918E2256600682F5A /* en */ = {isa = PBXFileReference; lastKnownFileType = text.plist.strings; name = en; path = en.lproj/InfoPlist.strings; sourceTree = "<group>"; };
		4883408B18E2256600682F5A /* MousevilleTests.m */ = {isa = PBXFileReference; lastKnownFileType = sourcecode.c.objc; path = MousevilleTests.m; sourceTree = "<group>"; };
		488340B918E226AA00682F5A /* UserDetails.h */ = {isa = PBXFileReference; fileEncoding = 4; lastKnownFileType = sourcecode.c.h; path = UserDetails.h; sourceTree = "<group>"; };
		488340BA18E226AA00682F5A /* UserDetails.m */ = {isa = PBXFileReference; fileEncoding = 4; lastKnownFileType = sourcecode.c.objc; path = UserDetails.m; sourceTree = "<group>"; };
		4883411C18E2271C00682F5A /* CageDetails.h */ = {isa = PBXFileReference; fileEncoding = 4; lastKnownFileType = sourcecode.c.h; path = CageDetails.h; sourceTree = "<group>"; };
		4883411D18E2271C00682F5A /* CageDetails.m */ = {isa = PBXFileReference; fileEncoding = 4; lastKnownFileType = sourcecode.c.objc; path = CageDetails.m; sourceTree = "<group>"; };
		4883412018E2271C00682F5A /* LabelCageMapping.h */ = {isa = PBXFileReference; fileEncoding = 4; lastKnownFileType = sourcecode.c.h; path = LabelCageMapping.h; sourceTree = "<group>"; };
		4883412118E2271C00682F5A /* LabelCageMapping.m */ = {isa = PBXFileReference; fileEncoding = 4; lastKnownFileType = sourcecode.c.objc; path = LabelCageMapping.m; sourceTree = "<group>"; };
		4883412418E2271C00682F5A /* MouseCageDetails.h */ = {isa = PBXFileReference; fileEncoding = 4; lastKnownFileType = sourcecode.c.h; path = MouseCageDetails.h; sourceTree = "<group>"; };
		4883412518E2271C00682F5A /* MouseCageDetails.m */ = {isa = PBXFileReference; fileEncoding = 4; lastKnownFileType = sourcecode.c.objc; path = MouseCageDetails.m; sourceTree = "<group>"; };
		4883412618E2271C00682F5A /* MouseCageDetailsOld.h */ = {isa = PBXFileReference; fileEncoding = 4; lastKnownFileType = sourcecode.c.h; path = MouseCageDetailsOld.h; sourceTree = "<group>"; };
		4883412718E2271C00682F5A /* MouseCageDetailsOld.m */ = {isa = PBXFileReference; fileEncoding = 4; lastKnownFileType = sourcecode.c.objc; path = MouseCageDetailsOld.m; sourceTree = "<group>"; };
		4883412E18E2271C00682F5A /* MouseGenotype.h */ = {isa = PBXFileReference; fileEncoding = 4; lastKnownFileType = sourcecode.c.h; path = MouseGenotype.h; sourceTree = "<group>"; };
		4883412F18E2271C00682F5A /* MouseGenotype.m */ = {isa = PBXFileReference; fileEncoding = 4; lastKnownFileType = sourcecode.c.objc; path = MouseGenotype.m; sourceTree = "<group>"; };
		4883413F18E22A8600682F5A /* Cage.h */ = {isa = PBXFileReference; fileEncoding = 4; lastKnownFileType = sourcecode.c.h; path = Cage.h; sourceTree = "<group>"; };
		4883414018E22A8600682F5A /* Cage.m */ = {isa = PBXFileReference; fileEncoding = 4; lastKnownFileType = sourcecode.c.objc; path = Cage.m; sourceTree = "<group>"; };
		4883414218E22AAD00682F5A /* Rack.h */ = {isa = PBXFileReference; fileEncoding = 4; lastKnownFileType = sourcecode.c.h; path = Rack.h; sourceTree = "<group>"; };
		4883414318E22AAD00682F5A /* Rack.m */ = {isa = PBXFileReference; fileEncoding = 4; lastKnownFileType = sourcecode.c.objc; path = Rack.m; sourceTree = "<group>"; };
		4883414518E22ACF00682F5A /* Mouse.h */ = {isa = PBXFileReference; fileEncoding = 4; lastKnownFileType = sourcecode.c.h; path = Mouse.h; sourceTree = "<group>"; };
		4883414618E22ACF00682F5A /* Mouse.m */ = {isa = PBXFileReference; fileEncoding = 4; lastKnownFileType = sourcecode.c.objc; path = Mouse.m; sourceTree = "<group>"; };
		489772EB18F124E500D85220 /* RackDetails.h */ = {isa = PBXFileReference; fileEncoding = 4; lastKnownFileType = sourcecode.c.h; path = RackDetails.h; sourceTree = "<group>"; };
		489772EC18F124E500D85220 /* RackDetails.m */ = {isa = PBXFileReference; fileEncoding = 4; lastKnownFileType = sourcecode.c.objc; path = RackDetails.m; sourceTree = "<group>"; };
		489772EE18F124E600D85220 /* Genotype.h */ = {isa = PBXFileReference; fileEncoding = 4; lastKnownFileType = sourcecode.c.h; path = Genotype.h; sourceTree = "<group>"; };
		489772EF18F124E600D85220 /* Genotype.m */ = {isa = PBXFileReference; fileEncoding = 4; lastKnownFileType = sourcecode.c.objc; path = Genotype.m; sourceTree = "<group>"; };
		489772F118F124E600D85220 /* Labels.h */ = {isa = PBXFileReference; fileEncoding = 4; lastKnownFileType = sourcecode.c.h; path = Labels.h; sourceTree = "<group>"; };
		489772F218F124E600D85220 /* Labels.m */ = {isa = PBXFileReference; fileEncoding = 4; lastKnownFileType = sourcecode.c.objc; path = Labels.m; sourceTree = "<group>"; };
		48EB8AFA18F24A500077D4AA /* GenotypeManager.h */ = {isa = PBXFileReference; fileEncoding = 4; lastKnownFileType = sourcecode.c.h; path = GenotypeManager.h; sourceTree = "<group>"; };
		48EB8AFB18F24A500077D4AA /* GenotypeManager.m */ = {isa = PBXFileReference; fileEncoding = 4; lastKnownFileType = sourcecode.c.objc; path = GenotypeManager.m; sourceTree = "<group>"; };
		8490408B18EAF43500694343 /* MouseListViewController.h */ = {isa = PBXFileReference; fileEncoding = 4; lastKnownFileType = sourcecode.c.h; path = MouseListViewController.h; sourceTree = "<group>"; };
		8490408C18EAF43500694343 /* MouseListViewController.m */ = {isa = PBXFileReference; fileEncoding = 4; lastKnownFileType = sourcecode.c.objc; path = MouseListViewController.m; sourceTree = "<group>"; };
		8493795218E739F9000FFEC9 /* CageViewController.h */ = {isa = PBXFileReference; fileEncoding = 4; lastKnownFileType = sourcecode.c.h; path = CageViewController.h; sourceTree = "<group>"; };
		8493795318E739F9000FFEC9 /* CageViewController.m */ = {isa = PBXFileReference; fileEncoding = 4; lastKnownFileType = sourcecode.c.objc; path = CageViewController.m; sourceTree = "<group>"; };
		9927C22F18E7ED7E00CEC051 /* PopOverViewController.h */ = {isa = PBXFileReference; fileEncoding = 4; lastKnownFileType = sourcecode.c.h; path = PopOverViewController.h; sourceTree = "<group>"; };
		9927C23018E7ED7E00CEC051 /* PopOverViewController.m */ = {isa = PBXFileReference; fileEncoding = 4; lastKnownFileType = sourcecode.c.objc; path = PopOverViewController.m; sourceTree = "<group>"; };
		9927C23218E7ED9D00CEC051 /* SearchMouseViewController.h */ = {isa = PBXFileReference; fileEncoding = 4; lastKnownFileType = sourcecode.c.h; path = SearchMouseViewController.h; sourceTree = "<group>"; };
		9927C23318E7ED9D00CEC051 /* SearchMouseViewController.m */ = {isa = PBXFileReference; fileEncoding = 4; lastKnownFileType = sourcecode.c.objc; path = SearchMouseViewController.m; sourceTree = "<group>"; };
		9927C23418E7ED9D00CEC051 /* CreateMouseViewController.h */ = {isa = PBXFileReference; fileEncoding = 4; lastKnownFileType = sourcecode.c.h; path = CreateMouseViewController.h; sourceTree = "<group>"; };
		9927C23518E7ED9D00CEC051 /* CreateMouseViewController.m */ = {isa = PBXFileReference; fileEncoding = 4; lastKnownFileType = sourcecode.c.objc; path = CreateMouseViewController.m; sourceTree = "<group>"; };
		9927C23618E7ED9D00CEC051 /* MouseViewController.h */ = {isa = PBXFileReference; fileEncoding = 4; lastKnownFileType = sourcecode.c.h; path = MouseViewController.h; sourceTree = "<group>"; };
		9927C23718E7ED9D00CEC051 /* MouseViewController.m */ = {isa = PBXFileReference; fileEncoding = 4; lastKnownFileType = sourcecode.c.objc; path = MouseViewController.m; sourceTree = "<group>"; };
		9927C23818E7ED9D00CEC051 /* RackController.h */ = {isa = PBXFileReference; fileEncoding = 4; lastKnownFileType = sourcecode.c.h; path = RackController.h; sourceTree = "<group>"; };
		9927C23918E7ED9D00CEC051 /* RackController.m */ = {isa = PBXFileReference; fileEncoding = 4; lastKnownFileType = sourcecode.c.objc; path = RackController.m; sourceTree = "<group>"; };
		9927C23A18E7ED9D00CEC051 /* MainViewController.h */ = {isa = PBXFileReference; fileEncoding = 4; lastKnownFileType = sourcecode.c.h; path = MainViewController.h; sourceTree = "<group>"; };
		9927C23B18E7ED9D00CEC051 /* MainViewController.m */ = {isa = PBXFileReference; fileEncoding = 4; lastKnownFileType = sourcecode.c.objc; path = MainViewController.m; sourceTree = "<group>"; };
		992DFC0918EFD3FD00AF8BD7 /* EditMouseViewController.h */ = {isa = PBXFileReference; fileEncoding = 4; lastKnownFileType = sourcecode.c.h; path = EditMouseViewController.h; sourceTree = "<group>"; };
		992DFC0A18EFD3FD00AF8BD7 /* EditMouseViewController.m */ = {isa = PBXFileReference; fileEncoding = 4; lastKnownFileType = sourcecode.c.objc; path = EditMouseViewController.m; sourceTree = "<group>"; };
		997C69E718EE9D84006F813D /* ManageGenotypesViewController.h */ = {isa = PBXFileReference; fileEncoding = 4; lastKnownFileType = sourcecode.c.h; path = ManageGenotypesViewController.h; sourceTree = "<group>"; };
		997C69E818EE9D85006F813D /* ManageGenotypesViewController.m */ = {isa = PBXFileReference; fileEncoding = 4; lastKnownFileType = sourcecode.c.objc; path = ManageGenotypesViewController.m; sourceTree = "<group>"; };
		99CF1E3918E96414003B47B3 /* DatePickerViewController.h */ = {isa = PBXFileReference; fileEncoding = 4; lastKnownFileType = sourcecode.c.h; path = DatePickerViewController.h; sourceTree = "<group>"; };
		99CF1E3A18E96414003B47B3 /* DatePickerViewController.m */ = {isa = PBXFileReference; fileEncoding = 4; lastKnownFileType = sourcecode.c.objc; path = DatePickerViewController.m; sourceTree = "<group>"; };
		99F7B41018F9ACAC005B986F /* calendar-32.png */ = {isa = PBXFileReference; lastKnownFileType = image.png; name = "calendar-32.png"; path = "Mouseville/images/calendar-32.png"; sourceTree = "<group>"; };
		99F7B41118F9ACAC005B986F /* calendar.png */ = {isa = PBXFileReference; lastKnownFileType = image.png; name = calendar.png; path = Mouseville/images/calendar.png; sourceTree = "<group>"; };
		99F7B41218F9ACAC005B986F /* check-32.png */ = {isa = PBXFileReference; lastKnownFileType = image.png; name = "check-32.png"; path = "Mouseville/images/check-32.png"; sourceTree = "<group>"; };
		99F7B41318F9ACAC005B986F /* check.png */ = {isa = PBXFileReference; lastKnownFileType = image.png; name = check.png; path = Mouseville/images/check.png; sourceTree = "<group>"; };
		99F7B41418F9ACAC005B986F /* edit_icon-32.png */ = {isa = PBXFileReference; lastKnownFileType = image.png; name = "edit_icon-32.png"; path = "Mouseville/images/edit_icon-32.png"; sourceTree = "<group>"; };
		99F7B41518F9ACAC005B986F /* edit_icon-48.png */ = {isa = PBXFileReference; lastKnownFileType = image.png; name = "edit_icon-48.png"; path = "Mouseville/images/edit_icon-48.png"; sourceTree = "<group>"; };
		99F7B41618F9ACAC005B986F /* edit_icon-512.png */ = {isa = PBXFileReference; lastKnownFileType = image.png; name = "edit_icon-512.png"; path = "Mouseville/images/edit_icon-512.png"; sourceTree = "<group>"; };
		99F7B41718F9ACAC005B986F /* home-32.png */ = {isa = PBXFileReference; lastKnownFileType = image.png; name = "home-32.png"; path = "Mouseville/images/home-32.png"; sourceTree = "<group>"; };
		99F7B41818F9ACAC005B986F /* home.png */ = {isa = PBXFileReference; lastKnownFileType = image.png; name = home.png; path = Mouseville/images/home.png; sourceTree = "<group>"; };
		99F7B41918F9ACAC005B986F /* mouseville_icon-32.png */ = {isa = PBXFileReference; lastKnownFileType = image.png; name = "mouseville_icon-32.png"; path = "Mouseville/images/mouseville_icon-32.png"; sourceTree = "<group>"; };
		99F7B41A18F9ACAC005B986F /* mouseville_icon-152.png */ = {isa = PBXFileReference; lastKnownFileType = image.png; name = "mouseville_icon-152.png"; path = "Mouseville/images/mouseville_icon-152.png"; sourceTree = "<group>"; };
		99F7B41B18F9ACAC005B986F /* mouseville_icon-272.png */ = {isa = PBXFileReference; lastKnownFileType = image.png; name = "mouseville_icon-272.png"; path = "Mouseville/images/mouseville_icon-272.png"; sourceTree = "<group>"; };
		99F7B41C18F9ACAC005B986F /* move_icon-32.png */ = {isa = PBXFileReference; lastKnownFileType = image.png; name = "move_icon-32.png"; path = "Mouseville/images/move_icon-32.png"; sourceTree = "<group>"; };
		99F7B41D18F9ACAC005B986F /* move_icon-432.png */ = {isa = PBXFileReference; lastKnownFileType = image.png; name = "move_icon-432.png"; path = "Mouseville/images/move_icon-432.png"; sourceTree = "<group>"; };
		99F7B41E18F9ACAC005B986F /* settings-32.png */ = {isa = PBXFileReference; lastKnownFileType = image.png; name = "settings-32.png"; path = "Mouseville/images/settings-32.png"; sourceTree = "<group>"; };
		99F7B41F18F9ACAC005B986F /* settings.png */ = {isa = PBXFileReference; lastKnownFileType = image.png; name = settings.png; path = Mouseville/images/settings.png; sourceTree = "<group>"; };
		99F7B43018F9B217005B986F /* calendar1.png */ = {isa = PBXFileReference; lastKnownFileType = image.png; name = calendar1.png; path = Mouseville/images/calendar1.png; sourceTree = "<group>"; };
		99F7B43118F9B217005B986F /* calendar2.png */ = {isa = PBXFileReference; lastKnownFileType = image.png; name = calendar2.png; path = Mouseville/images/calendar2.png; sourceTree = "<group>"; };
		99F7B43218F9B217005B986F /* datePicekr.png */ = {isa = PBXFileReference; lastKnownFileType = image.png; name = datePicekr.png; path = Mouseville/images/datePicekr.png; sourceTree = "<group>"; };
		99F7B43318F9B217005B986F /* dropdown.png */ = {isa = PBXFileReference; lastKnownFileType = image.png; name = dropdown.png; path = Mouseville/images/dropdown.png; sourceTree = "<group>"; };
		99F7B43418F9B217005B986F /* dropdown1.gif */ = {isa = PBXFileReference; lastKnownFileType = image.gif; name = dropdown1.gif; path = Mouseville/images/dropdown1.gif; sourceTree = "<group>"; };
		99F7B43A18F9F0F7005B986F /* search-icon.png */ = {isa = PBXFileReference; lastKnownFileType = image.png; name = "search-icon.png"; path = "Mouseville/images/search-icon.png"; sourceTree = "<group>"; };
		99F7B43B18F9F0F8005B986F /* search.png */ = {isa = PBXFileReference; lastKnownFileType = image.png; name = search.png; path = Mouseville/images/search.png; sourceTree = "<group>"; };
		BD6E6AC418EC9D5000B539E8 /* ViewRacksController.h */ = {isa = PBXFileReference; fileEncoding = 4; lastKnownFileType = sourcecode.c.h; path = ViewRacksController.h; sourceTree = "<group>"; };
		BD6E6AC518EC9D5000B539E8 /* ViewRacksController.m */ = {isa = PBXFileReference; fileEncoding = 4; lastKnownFileType = sourcecode.c.objc; path = ViewRacksController.m; sourceTree = "<group>"; };
		BDED13EB18F9182B0004EE7A /* SettingsController.h */ = {isa = PBXFileReference; fileEncoding = 4; lastKnownFileType = sourcecode.c.h; path = SettingsController.h; sourceTree = "<group>"; };
		BDED13EC18F9182B0004EE7A /* SettingsController.m */ = {isa = PBXFileReference; fileEncoding = 4; lastKnownFileType = sourcecode.c.objc; path = SettingsController.m; sourceTree = "<group>"; };
		E5DEA54B18EB6877000E3B82 /* MouseDetails.h */ = {isa = PBXFileReference; fileEncoding = 4; lastKnownFileType = sourcecode.c.h; path = MouseDetails.h; sourceTree = "<group>"; };
		E5DEA54C18EB6877000E3B82 /* MouseDetails.m */ = {isa = PBXFileReference; fileEncoding = 4; lastKnownFileType = sourcecode.c.objc; path = MouseDetails.m; sourceTree = "<group>"; };
		E5DEA54D18EB6877000E3B82 /* MouseFamilyDetails.h */ = {isa = PBXFileReference; fileEncoding = 4; lastKnownFileType = sourcecode.c.h; path = MouseFamilyDetails.h; sourceTree = "<group>"; };
		E5DEA54E18EB6877000E3B82 /* MouseFamilyDetails.m */ = {isa = PBXFileReference; fileEncoding = 4; lastKnownFileType = sourcecode.c.objc; path = MouseFamilyDetails.m; sourceTree = "<group>"; };
		E5DEA55218EB68D6000E3B82 /* MouseVilleModel.xcdatamodel */ = {isa = PBXFileReference; lastKnownFileType = wrapper.xcdatamodel; path = MouseVilleModel.xcdatamodel; sourceTree = "<group>"; };
		E5DEA55418EB6914000E3B82 /* MouseDeceasedDetails.h */ = {isa = PBXFileReference; fileEncoding = 4; lastKnownFileType = sourcecode.c.h; path = MouseDeceasedDetails.h; sourceTree = "<group>"; };
		E5DEA55518EB6914000E3B82 /* MouseDeceasedDetails.m */ = {isa = PBXFileReference; fileEncoding = 4; lastKnownFileType = sourcecode.c.objc; path = MouseDeceasedDetails.m; sourceTree = "<group>"; };
/* End PBXFileReference section */

/* Begin PBXFrameworksBuildPhase section */
		4883405A18E2256500682F5A /* Frameworks */ = {
			isa = PBXFrameworksBuildPhase;
			buildActionMask = 2147483647;
			files = (
				4810EA8018EEBE4C00CC6DA2 /* MessageUI.framework in Frameworks */,
				4883406318E2256500682F5A /* CoreGraphics.framework in Frameworks */,
				4883406718E2256500682F5A /* CoreData.framework in Frameworks */,
				4883406518E2256500682F5A /* UIKit.framework in Frameworks */,
				4883406118E2256500682F5A /* Foundation.framework in Frameworks */,
			);
			runOnlyForDeploymentPostprocessing = 0;
		};
		4883407A18E2256600682F5A /* Frameworks */ = {
			isa = PBXFrameworksBuildPhase;
			buildActionMask = 2147483647;
			files = (
				4883407F18E2256600682F5A /* XCTest.framework in Frameworks */,
				4883408218E2256600682F5A /* CoreData.framework in Frameworks */,
				4883408118E2256600682F5A /* UIKit.framework in Frameworks */,
				4883408018E2256600682F5A /* Foundation.framework in Frameworks */,
			);
			runOnlyForDeploymentPostprocessing = 0;
		};
/* End PBXFrameworksBuildPhase section */

/* Begin PBXGroup section */
		4883405418E2256500682F5A = {
			isa = PBXGroup;
			children = (
				99F7B40F18F9AC73005B986F /* images */,
				48350E4418F1286100031DE2 /* Storyboard.storyboard */,
				4883406818E2256500682F5A /* Mouseville */,
				4883408518E2256600682F5A /* MousevilleTests */,
				4883405F18E2256500682F5A /* Frameworks */,
				4883405E18E2256500682F5A /* Products */,
			);
			sourceTree = "<group>";
		};
		4883405E18E2256500682F5A /* Products */ = {
			isa = PBXGroup;
			children = (
				4883405D18E2256500682F5A /* Mouseville.app */,
				4883407D18E2256600682F5A /* MousevilleTests.xctest */,
			);
			name = Products;
			sourceTree = "<group>";
		};
		4883405F18E2256500682F5A /* Frameworks */ = {
			isa = PBXGroup;
			children = (
				4810EA7F18EEBE4C00CC6DA2 /* MessageUI.framework */,
				4883406018E2256500682F5A /* Foundation.framework */,
				4883406218E2256500682F5A /* CoreGraphics.framework */,
				4883406418E2256500682F5A /* UIKit.framework */,
				4883406618E2256500682F5A /* CoreData.framework */,
				4883407E18E2256600682F5A /* XCTest.framework */,
			);
			name = Frameworks;
			sourceTree = "<group>";
		};
		4883406818E2256500682F5A /* Mouseville */ = {
			isa = PBXGroup;
			children = (
				33B2D01B18EB694400AE5543 /* rack.png */,
				8490408B18EAF43500694343 /* MouseListViewController.h */,
				8490408C18EAF43500694343 /* MouseListViewController.m */,
				4883413F18E22A8600682F5A /* Cage.h */,
				4883414518E22ACF00682F5A /* Mouse.h */,
				8493795218E739F9000FFEC9 /* CageViewController.h */,
				8493795318E739F9000FFEC9 /* CageViewController.m */,
				48EB8AFA18F24A500077D4AA /* GenotypeManager.h */,
				48EB8AFB18F24A500077D4AA /* GenotypeManager.m */,
				4883414618E22ACF00682F5A /* Mouse.m */,
				4883414218E22AAD00682F5A /* Rack.h */,
				4883414318E22AAD00682F5A /* Rack.m */,
				4883414018E22A8600682F5A /* Cage.m */,
				4883409818E2264500682F5A /* CoreDataFiles */,
				4883407118E2256500682F5A /* AppDelegate.h */,
				4883407218E2256500682F5A /* AppDelegate.m */,
				4883407718E2256500682F5A /* Images.xcassets */,
				4883406918E2256500682F5A /* Supporting Files */,
				483FF1E318E23DF300EF8AFE /* ViewController.h */,
				483FF1E418E23DF300EF8AFE /* ViewController.m */,
				9927C22F18E7ED7E00CEC051 /* PopOverViewController.h */,
				9927C23018E7ED7E00CEC051 /* PopOverViewController.m */,
				99CF1E3918E96414003B47B3 /* DatePickerViewController.h */,
				99CF1E3A18E96414003B47B3 /* DatePickerViewController.m */,
				9927C23218E7ED9D00CEC051 /* SearchMouseViewController.h */,
				9927C23618E7ED9D00CEC051 /* MouseViewController.h */,
				9927C23318E7ED9D00CEC051 /* SearchMouseViewController.m */,
				9927C23718E7ED9D00CEC051 /* MouseViewController.m */,
				9927C23418E7ED9D00CEC051 /* CreateMouseViewController.h */,
				9927C23518E7ED9D00CEC051 /* CreateMouseViewController.m */,
				9927C23818E7ED9D00CEC051 /* RackController.h */,
				9927C23918E7ED9D00CEC051 /* RackController.m */,
				9927C23A18E7ED9D00CEC051 /* MainViewController.h */,
				9927C23B18E7ED9D00CEC051 /* MainViewController.m */,
				BD6E6AC418EC9D5000B539E8 /* ViewRacksController.h */,
				BD6E6AC518EC9D5000B539E8 /* ViewRacksController.m */,
				997C69E718EE9D84006F813D /* ManageGenotypesViewController.h */,
				997C69E818EE9D85006F813D /* ManageGenotypesViewController.m */,
				992DFC0918EFD3FD00AF8BD7 /* EditMouseViewController.h */,
				992DFC0A18EFD3FD00AF8BD7 /* EditMouseViewController.m */,
				BDED13EB18F9182B0004EE7A /* SettingsController.h */,
				BDED13EC18F9182B0004EE7A /* SettingsController.m */,
			);
			path = Mouseville;
			sourceTree = "<group>";
		};
		4883406918E2256500682F5A /* Supporting Files */ = {
			isa = PBXGroup;
			children = (
				4810EA7C18EE7F7E00CC6DA2 /* CHCSVParser.h */,
				4810EA7D18EE7F7E00CC6DA2 /* CHCSVParser.m */,
				4883406A18E2256500682F5A /* Mouseville-Info.plist */,
				4883406B18E2256500682F5A /* InfoPlist.strings */,
				4883406E18E2256500682F5A /* main.m */,
				4883407018E2256500682F5A /* Mouseville-Prefix.pch */,
			);
			name = "Supporting Files";
			sourceTree = "<group>";
		};
		4883408518E2256600682F5A /* MousevilleTests */ = {
			isa = PBXGroup;
			children = (
				4883408B18E2256600682F5A /* MousevilleTests.m */,
				4883408618E2256600682F5A /* Supporting Files */,
			);
			path = MousevilleTests;
			sourceTree = "<group>";
		};
		4883408618E2256600682F5A /* Supporting Files */ = {
			isa = PBXGroup;
			children = (
				4883408718E2256600682F5A /* MousevilleTests-Info.plist */,
				4883408818E2256600682F5A /* InfoPlist.strings */,
			);
			name = "Supporting Files";
			sourceTree = "<group>";
		};
		4883409818E2264500682F5A /* CoreDataFiles */ = {
			isa = PBXGroup;
			children = (
				489772F118F124E600D85220 /* Labels.h */,
				489772F218F124E600D85220 /* Labels.m */,
				489772EE18F124E600D85220 /* Genotype.h */,
				488340B918E226AA00682F5A /* UserDetails.h */,
				488340BA18E226AA00682F5A /* UserDetails.m */,
				489772EF18F124E600D85220 /* Genotype.m */,
				489772EB18F124E500D85220 /* RackDetails.h */,
				489772EC18F124E500D85220 /* RackDetails.m */,
				E5DEA55418EB6914000E3B82 /* MouseDeceasedDetails.h */,
				E5DEA55518EB6914000E3B82 /* MouseDeceasedDetails.m */,
				E5DEA55118EB68D6000E3B82 /* MouseVilleModel.xcdatamodeld */,
				48241DA618EFDF0E00FB803A /* GenotypeLabels.h */,
				48241DA718EFDF0E00FB803A /* GenotypeLabels.m */,
				E5DEA54B18EB6877000E3B82 /* MouseDetails.h */,
				E5DEA54C18EB6877000E3B82 /* MouseDetails.m */,
				E5DEA54D18EB6877000E3B82 /* MouseFamilyDetails.h */,
				E5DEA54E18EB6877000E3B82 /* MouseFamilyDetails.m */,
				4883411C18E2271C00682F5A /* CageDetails.h */,
				4883411D18E2271C00682F5A /* CageDetails.m */,
				4883412018E2271C00682F5A /* LabelCageMapping.h */,
				4883412118E2271C00682F5A /* LabelCageMapping.m */,
				4883412418E2271C00682F5A /* MouseCageDetails.h */,
				4883412518E2271C00682F5A /* MouseCageDetails.m */,
				4883412618E2271C00682F5A /* MouseCageDetailsOld.h */,
				4883412718E2271C00682F5A /* MouseCageDetailsOld.m */,
				4883412E18E2271C00682F5A /* MouseGenotype.h */,
				4883412F18E2271C00682F5A /* MouseGenotype.m */,
			);
			name = CoreDataFiles;
			sourceTree = "<group>";
		};
		99F7B40F18F9AC73005B986F /* images */ = {
			isa = PBXGroup;
			children = (
				99F7B43A18F9F0F7005B986F /* search-icon.png */,
				99F7B43B18F9F0F8005B986F /* search.png */,
				99F7B43018F9B217005B986F /* calendar1.png */,
				99F7B43118F9B217005B986F /* calendar2.png */,
				99F7B43218F9B217005B986F /* datePicekr.png */,
				99F7B43318F9B217005B986F /* dropdown.png */,
				99F7B43418F9B217005B986F /* dropdown1.gif */,
				99F7B41018F9ACAC005B986F /* calendar-32.png */,
				99F7B41118F9ACAC005B986F /* calendar.png */,
				99F7B41218F9ACAC005B986F /* check-32.png */,
				99F7B41318F9ACAC005B986F /* check.png */,
				99F7B41418F9ACAC005B986F /* edit_icon-32.png */,
				99F7B41518F9ACAC005B986F /* edit_icon-48.png */,
				99F7B41618F9ACAC005B986F /* edit_icon-512.png */,
				99F7B41718F9ACAC005B986F /* home-32.png */,
				99F7B41818F9ACAC005B986F /* home.png */,
				99F7B41918F9ACAC005B986F /* mouseville_icon-32.png */,
				99F7B41A18F9ACAC005B986F /* mouseville_icon-152.png */,
				99F7B41B18F9ACAC005B986F /* mouseville_icon-272.png */,
				99F7B41C18F9ACAC005B986F /* move_icon-32.png */,
				99F7B41D18F9ACAC005B986F /* move_icon-432.png */,
				99F7B41E18F9ACAC005B986F /* settings-32.png */,
				99F7B41F18F9ACAC005B986F /* settings.png */,
			);
			name = images;
			sourceTree = "<group>";
		};
/* End PBXGroup section */

/* Begin PBXNativeTarget section */
		4883405C18E2256500682F5A /* Mouseville */ = {
			isa = PBXNativeTarget;
			buildConfigurationList = 4883408F18E2256600682F5A /* Build configuration list for PBXNativeTarget "Mouseville" */;
			buildPhases = (
				4883405918E2256500682F5A /* Sources */,
				4883405A18E2256500682F5A /* Frameworks */,
				4883405B18E2256500682F5A /* Resources */,
			);
			buildRules = (
			);
			dependencies = (
			);
			name = Mouseville;
			productName = Mouseville;
			productReference = 4883405D18E2256500682F5A /* Mouseville.app */;
			productType = "com.apple.product-type.application";
		};
		4883407C18E2256600682F5A /* MousevilleTests */ = {
			isa = PBXNativeTarget;
			buildConfigurationList = 4883409218E2256600682F5A /* Build configuration list for PBXNativeTarget "MousevilleTests" */;
			buildPhases = (
				4883407918E2256600682F5A /* Sources */,
				4883407A18E2256600682F5A /* Frameworks */,
				4883407B18E2256600682F5A /* Resources */,
			);
			buildRules = (
			);
			dependencies = (
				4883408418E2256600682F5A /* PBXTargetDependency */,
			);
			name = MousevilleTests;
			productName = MousevilleTests;
			productReference = 4883407D18E2256600682F5A /* MousevilleTests.xctest */;
			productType = "com.apple.product-type.bundle.unit-test";
		};
/* End PBXNativeTarget section */

/* Begin PBXProject section */
		4883405518E2256500682F5A /* Project object */ = {
			isa = PBXProject;
			attributes = {
				LastUpgradeCheck = 0500;
				ORGANIZATIONNAME = CapstoneProject;
				TargetAttributes = {
					4883407C18E2256600682F5A = {
						TestTargetID = 4883405C18E2256500682F5A;
					};
				};
			};
			buildConfigurationList = 4883405818E2256500682F5A /* Build configuration list for PBXProject "Mouseville" */;
			compatibilityVersion = "Xcode 3.2";
			developmentRegion = English;
			hasScannedForEncodings = 0;
			knownRegions = (
				en,
				Base,
			);
			mainGroup = 4883405418E2256500682F5A;
			productRefGroup = 4883405E18E2256500682F5A /* Products */;
			projectDirPath = "";
			projectRoot = "";
			targets = (
				4883405C18E2256500682F5A /* Mouseville */,
				4883407C18E2256600682F5A /* MousevilleTests */,
			);
		};
/* End PBXProject section */

/* Begin PBXResourcesBuildPhase section */
		4883405B18E2256500682F5A /* Resources */ = {
			isa = PBXResourcesBuildPhase;
			buildActionMask = 2147483647;
			files = (
				33B2D01C18EB694400AE5543 /* rack.png in Resources */,
				99F7B43D18F9F0F8005B986F /* search.png in Resources */,
				99F7B43718F9B217005B986F /* datePicekr.png in Resources */,
				99F7B42D18F9ACAC005B986F /* move_icon-432.png in Resources */,
				99F7B43918F9B217005B986F /* dropdown1.gif in Resources */,
				99F7B42418F9ACAC005B986F /* edit_icon-32.png in Resources */,
				99F7B43818F9B217005B986F /* dropdown.png in Resources */,
				99F7B42118F9ACAC005B986F /* calendar.png in Resources */,
				99F7B42318F9ACAC005B986F /* check.png in Resources */,
				99F7B42618F9ACAC005B986F /* edit_icon-512.png in Resources */,
				99F7B42C18F9ACAC005B986F /* move_icon-32.png in Resources */,
				99F7B43C18F9F0F8005B986F /* search-icon.png in Resources */,
				48350E4518F1286100031DE2 /* Storyboard.storyboard in Resources */,
				99F7B43618F9B217005B986F /* calendar2.png in Resources */,
				99F7B42E18F9ACAC005B986F /* settings-32.png in Resources */,
				99F7B42218F9ACAC005B986F /* check-32.png in Resources */,
				99F7B43518F9B217005B986F /* calendar1.png in Resources */,
				99F7B42518F9ACAC005B986F /* edit_icon-48.png in Resources */,
				4883406D18E2256500682F5A /* InfoPlist.strings in Resources */,
				99F7B42718F9ACAC005B986F /* home-32.png in Resources */,
				99F7B42918F9ACAC005B986F /* mouseville_icon-32.png in Resources */,
				99F7B42818F9ACAC005B986F /* home.png in Resources */,
				99F7B42A18F9ACAC005B986F /* mouseville_icon-152.png in Resources */,
				99F7B42F18F9ACAC005B986F /* settings.png in Resources */,
				99F7B42018F9ACAC005B986F /* calendar-32.png in Resources */,
				4883407818E2256500682F5A /* Images.xcassets in Resources */,
				99F7B42B18F9ACAC005B986F /* mouseville_icon-272.png in Resources */,
			);
			runOnlyForDeploymentPostprocessing = 0;
		};
		4883407B18E2256600682F5A /* Resources */ = {
			isa = PBXResourcesBuildPhase;
			buildActionMask = 2147483647;
			files = (
				4883408A18E2256600682F5A /* InfoPlist.strings in Resources */,
			);
			runOnlyForDeploymentPostprocessing = 0;
		};
/* End PBXResourcesBuildPhase section */

/* Begin PBXSourcesBuildPhase section */
		4883405918E2256500682F5A /* Sources */ = {
			isa = PBXSourcesBuildPhase;
			buildActionMask = 2147483647;
			files = (
				8490408D18EAF43500694343 /* MouseListViewController.m in Sources */,
				9927C23E18E7ED9D00CEC051 /* MouseViewController.m in Sources */,
				BDED13ED18F9182B0004EE7A /* SettingsController.m in Sources */,
				9927C23D18E7ED9D00CEC051 /* CreateMouseViewController.m in Sources */,
				9927C23118E7ED7E00CEC051 /* PopOverViewController.m in Sources */,
				4883414118E22A8600682F5A /* Cage.m in Sources */,
				4883413218E2271C00682F5A /* LabelCageMapping.m in Sources */,
				4883407318E2256500682F5A /* AppDelegate.m in Sources */,
				99CF1E3B18E96414003B47B3 /* DatePickerViewController.m in Sources */,
				4810EA7E18EE7F7E00CC6DA2 /* CHCSVParser.m in Sources */,
				9927C23C18E7ED9D00CEC051 /* SearchMouseViewController.m in Sources */,
				48EB8AFC18F24A500077D4AA /* GenotypeManager.m in Sources */,
				488340BC18E226AA00682F5A /* UserDetails.m in Sources */,
				8493795418E739F9000FFEC9 /* CageViewController.m in Sources */,
				4883413018E2271C00682F5A /* CageDetails.m in Sources */,
				489772F318F124E600D85220 /* Labels.m in Sources */,
				48241DA818EFDF0E00FB803A /* GenotypeLabels.m in Sources */,
				E5DEA55618EB6914000E3B82 /* MouseDeceasedDetails.m in Sources */,
				483FF1E518E23DF300EF8AFE /* ViewController.m in Sources */,
				489772F018F124E600D85220 /* Genotype.m in Sources */,
				4883413418E2271C00682F5A /* MouseCageDetails.m in Sources */,
				E5DEA55318EB68D6000E3B82 /* MouseVilleModel.xcdatamodeld in Sources */,
				E5DEA54F18EB6877000E3B82 /* MouseDetails.m in Sources */,
				4883414718E22ACF00682F5A /* Mouse.m in Sources */,
				992DFC0B18EFD3FD00AF8BD7 /* EditMouseViewController.m in Sources */,
				E5DEA55018EB6877000E3B82 /* MouseFamilyDetails.m in Sources */,
				997C69E918EE9D85006F813D /* ManageGenotypesViewController.m in Sources */,
				9927C23F18E7ED9D00CEC051 /* RackController.m in Sources */,
				9927C24018E7ED9D00CEC051 /* MainViewController.m in Sources */,
				4883413918E2271C00682F5A /* MouseGenotype.m in Sources */,
				489772ED18F124E500D85220 /* RackDetails.m in Sources */,
				4883414418E22AAD00682F5A /* Rack.m in Sources */,
				BD6E6AC618EC9D5000B539E8 /* ViewRacksController.m in Sources */,
				4883413518E2271C00682F5A /* MouseCageDetailsOld.m in Sources */,
				4883406F18E2256500682F5A /* main.m in Sources */,
			);
			runOnlyForDeploymentPostprocessing = 0;
		};
		4883407918E2256600682F5A /* Sources */ = {
			isa = PBXSourcesBuildPhase;
			buildActionMask = 2147483647;
			files = (
				4883408C18E2256600682F5A /* MousevilleTests.m in Sources */,
			);
			runOnlyForDeploymentPostprocessing = 0;
		};
/* End PBXSourcesBuildPhase section */

/* Begin PBXTargetDependency section */
		4883408418E2256600682F5A /* PBXTargetDependency */ = {
			isa = PBXTargetDependency;
			target = 4883405C18E2256500682F5A /* Mouseville */;
			targetProxy = 4883408318E2256600682F5A /* PBXContainerItemProxy */;
		};
/* End PBXTargetDependency section */

/* Begin PBXVariantGroup section */
		4883406B18E2256500682F5A /* InfoPlist.strings */ = {
			isa = PBXVariantGroup;
			children = (
				4883406C18E2256500682F5A /* en */,
			);
			name = InfoPlist.strings;
			sourceTree = "<group>";
		};
		4883408818E2256600682F5A /* InfoPlist.strings */ = {
			isa = PBXVariantGroup;
			children = (
				4883408918E2256600682F5A /* en */,
			);
			name = InfoPlist.strings;
			sourceTree = "<group>";
		};
/* End PBXVariantGroup section */

/* Begin XCBuildConfiguration section */
		4883408D18E2256600682F5A /* Debug */ = {
			isa = XCBuildConfiguration;
			buildSettings = {
				ALWAYS_SEARCH_USER_PATHS = NO;
				ARCHS = "$(ARCHS_STANDARD_INCLUDING_64_BIT)";
				CLANG_CXX_LANGUAGE_STANDARD = "gnu++0x";
				CLANG_CXX_LIBRARY = "libc++";
				CLANG_ENABLE_MODULES = YES;
				CLANG_ENABLE_OBJC_ARC = YES;
				CLANG_WARN_BOOL_CONVERSION = YES;
				CLANG_WARN_CONSTANT_CONVERSION = YES;
				CLANG_WARN_DIRECT_OBJC_ISA_USAGE = YES_ERROR;
				CLANG_WARN_EMPTY_BODY = YES;
				CLANG_WARN_ENUM_CONVERSION = YES;
				CLANG_WARN_INT_CONVERSION = YES;
				CLANG_WARN_OBJC_ROOT_CLASS = YES_ERROR;
				CLANG_WARN__DUPLICATE_METHOD_MATCH = YES;
				"CODE_SIGN_IDENTITY[sdk=iphoneos*]" = "iPhone Developer";
				COPY_PHASE_STRIP = NO;
				GCC_C_LANGUAGE_STANDARD = gnu99;
				GCC_DYNAMIC_NO_PIC = NO;
				GCC_OPTIMIZATION_LEVEL = 0;
				GCC_PREPROCESSOR_DEFINITIONS = (
					"DEBUG=1",
					"$(inherited)",
				);
				GCC_SYMBOLS_PRIVATE_EXTERN = NO;
				GCC_WARN_64_TO_32_BIT_CONVERSION = YES;
				GCC_WARN_ABOUT_RETURN_TYPE = YES_ERROR;
				GCC_WARN_UNDECLARED_SELECTOR = YES;
				GCC_WARN_UNINITIALIZED_AUTOS = YES;
				GCC_WARN_UNUSED_FUNCTION = YES;
				GCC_WARN_UNUSED_VARIABLE = YES;
				IPHONEOS_DEPLOYMENT_TARGET = 7.0;
				ONLY_ACTIVE_ARCH = YES;
				SDKROOT = iphoneos;
				TARGETED_DEVICE_FAMILY = 2;
			};
			name = Debug;
		};
		4883408E18E2256600682F5A /* Release */ = {
			isa = XCBuildConfiguration;
			buildSettings = {
				ALWAYS_SEARCH_USER_PATHS = NO;
				ARCHS = "$(ARCHS_STANDARD_INCLUDING_64_BIT)";
				CLANG_CXX_LANGUAGE_STANDARD = "gnu++0x";
				CLANG_CXX_LIBRARY = "libc++";
				CLANG_ENABLE_MODULES = YES;
				CLANG_ENABLE_OBJC_ARC = YES;
				CLANG_WARN_BOOL_CONVERSION = YES;
				CLANG_WARN_CONSTANT_CONVERSION = YES;
				CLANG_WARN_DIRECT_OBJC_ISA_USAGE = YES_ERROR;
				CLANG_WARN_EMPTY_BODY = YES;
				CLANG_WARN_ENUM_CONVERSION = YES;
				CLANG_WARN_INT_CONVERSION = YES;
				CLANG_WARN_OBJC_ROOT_CLASS = YES_ERROR;
				CLANG_WARN__DUPLICATE_METHOD_MATCH = YES;
				"CODE_SIGN_IDENTITY[sdk=iphoneos*]" = "iPhone Developer";
				COPY_PHASE_STRIP = YES;
				ENABLE_NS_ASSERTIONS = NO;
				GCC_C_LANGUAGE_STANDARD = gnu99;
				GCC_WARN_64_TO_32_BIT_CONVERSION = YES;
				GCC_WARN_ABOUT_RETURN_TYPE = YES_ERROR;
				GCC_WARN_UNDECLARED_SELECTOR = YES;
				GCC_WARN_UNINITIALIZED_AUTOS = YES;
				GCC_WARN_UNUSED_FUNCTION = YES;
				GCC_WARN_UNUSED_VARIABLE = YES;
				IPHONEOS_DEPLOYMENT_TARGET = 7.0;
				SDKROOT = iphoneos;
				TARGETED_DEVICE_FAMILY = 2;
				VALIDATE_PRODUCT = YES;
			};
			name = Release;
		};
		4883409018E2256600682F5A /* Debug */ = {
			isa = XCBuildConfiguration;
			buildSettings = {
				ASSETCATALOG_COMPILER_APPICON_NAME = AppIcon;
				ASSETCATALOG_COMPILER_LAUNCHIMAGE_NAME = LaunchImage;
				GCC_PRECOMPILE_PREFIX_HEADER = YES;
				GCC_PREFIX_HEADER = "Mouseville/Mouseville-Prefix.pch";
				INFOPLIST_FILE = "Mouseville/Mouseville-Info.plist";
				PRODUCT_NAME = "$(TARGET_NAME)";
				WRAPPER_EXTENSION = app;
			};
			name = Debug;
		};
		4883409118E2256600682F5A /* Release */ = {
			isa = XCBuildConfiguration;
			buildSettings = {
				ASSETCATALOG_COMPILER_APPICON_NAME = AppIcon;
				ASSETCATALOG_COMPILER_LAUNCHIMAGE_NAME = LaunchImage;
				GCC_PRECOMPILE_PREFIX_HEADER = YES;
				GCC_PREFIX_HEADER = "Mouseville/Mouseville-Prefix.pch";
				INFOPLIST_FILE = "Mouseville/Mouseville-Info.plist";
				PRODUCT_NAME = "$(TARGET_NAME)";
				WRAPPER_EXTENSION = app;
			};
			name = Release;
		};
		4883409318E2256600682F5A /* Debug */ = {
			isa = XCBuildConfiguration;
			buildSettings = {
				ARCHS = "$(ARCHS_STANDARD_INCLUDING_64_BIT)";
				BUNDLE_LOADER = "$(BUILT_PRODUCTS_DIR)/Mouseville.app/Mouseville";
				FRAMEWORK_SEARCH_PATHS = (
					"$(SDKROOT)/Developer/Library/Frameworks",
					"$(inherited)",
					"$(DEVELOPER_FRAMEWORKS_DIR)",
				);
				GCC_PRECOMPILE_PREFIX_HEADER = YES;
				GCC_PREFIX_HEADER = "Mouseville/Mouseville-Prefix.pch";
				GCC_PREPROCESSOR_DEFINITIONS = (
					"DEBUG=1",
					"$(inherited)",
				);
				INFOPLIST_FILE = "MousevilleTests/MousevilleTests-Info.plist";
				PRODUCT_NAME = "$(TARGET_NAME)";
				TEST_HOST = "$(BUNDLE_LOADER)";
				WRAPPER_EXTENSION = xctest;
			};
			name = Debug;
		};
		4883409418E2256600682F5A /* Release */ = {
			isa = XCBuildConfiguration;
			buildSettings = {
				ARCHS = "$(ARCHS_STANDARD_INCLUDING_64_BIT)";
				BUNDLE_LOADER = "$(BUILT_PRODUCTS_DIR)/Mouseville.app/Mouseville";
				FRAMEWORK_SEARCH_PATHS = (
					"$(SDKROOT)/Developer/Library/Frameworks",
					"$(inherited)",
					"$(DEVELOPER_FRAMEWORKS_DIR)",
				);
				GCC_PRECOMPILE_PREFIX_HEADER = YES;
				GCC_PREFIX_HEADER = "Mouseville/Mouseville-Prefix.pch";
				INFOPLIST_FILE = "MousevilleTests/MousevilleTests-Info.plist";
				PRODUCT_NAME = "$(TARGET_NAME)";
				TEST_HOST = "$(BUNDLE_LOADER)";
				WRAPPER_EXTENSION = xctest;
			};
			name = Release;
		};
/* End XCBuildConfiguration section */

/* Begin XCConfigurationList section */
		4883405818E2256500682F5A /* Build configuration list for PBXProject "Mouseville" */ = {
			isa = XCConfigurationList;
			buildConfigurations = (
				4883408D18E2256600682F5A /* Debug */,
				4883408E18E2256600682F5A /* Release */,
			);
			defaultConfigurationIsVisible = 0;
			defaultConfigurationName = Release;
		};
		4883408F18E2256600682F5A /* Build configuration list for PBXNativeTarget "Mouseville" */ = {
			isa = XCConfigurationList;
			buildConfigurations = (
				4883409018E2256600682F5A /* Debug */,
				4883409118E2256600682F5A /* Release */,
			);
			defaultConfigurationIsVisible = 0;
			defaultConfigurationName = Release;
		};
		4883409218E2256600682F5A /* Build configuration list for PBXNativeTarget "MousevilleTests" */ = {
			isa = XCConfigurationList;
			buildConfigurations = (
				4883409318E2256600682F5A /* Debug */,
				4883409418E2256600682F5A /* Release */,
			);
			defaultConfigurationIsVisible = 0;
			defaultConfigurationName = Release;
		};
/* End XCConfigurationList section */

/* Begin XCVersionGroup section */
		E5DEA55118EB68D6000E3B82 /* MouseVilleModel.xcdatamodeld */ = {
			isa = XCVersionGroup;
			children = (
				E5DEA55218EB68D6000E3B82 /* MouseVilleModel.xcdatamodel */,
			);
			currentVersion = E5DEA55218EB68D6000E3B82 /* MouseVilleModel.xcdatamodel */;
			path = MouseVilleModel.xcdatamodeld;
			sourceTree = "<group>";
			versionGroupType = wrapper.xcdatamodel;
		};
/* End XCVersionGroup section */
	};
	rootObject = 4883405518E2256500682F5A /* Project object */;
}
